
Microsoft Visual Studio Solution File, Format Version 12.00
# Visual Studio Version 16
VisualStudioVersion = 16.0.31205.134
MinimumVisualStudioVersion = 10.0.40219.1
Project("{FAE04EC0-301F-11D3-BF4B-00C04F79EFBC}") = "InformationWar", "InformationWar\InformationWar.csproj", "{9C163F83-6D89-45D7-8835-D99C51F11B7F}"
EndProject
Global
	GlobalSection(SolutionConfigurationPlatforms) = preSolution
		Debug|Any CPU = Debug|Any CPU
		Release|Any CPU = Release|Any CPU
	EndGlobalSection
	GlobalSection(ProjectConfigurationPlatforms) = postSolution
		{9C163F83-6D89-45D7-8835-D99C51F11B7F}.Debug|Any CPU.ActiveCfg = Debug|Any CPU
		{9C163F83-6D89-45D7-8835-D99C51F11B7F}.Debug|Any CPU.Build.0 = Debug|Any CPU
		{9C163F83-6D89-45D7-8835-D99C51F11B7F}.Release|Any CPU.ActiveCfg = Release|Any CPU
		{9C163F83-6D89-45D7-8835-D99C51F11B7F}.Release|Any CPU.Build.0 = Release|Any CPU
	EndGlobalSection
	GlobalSection(SolutionProperties) = preSolution
		HideSolutionNode = FALSE
	EndGlobalSection
	GlobalSection(ExtensibilityGlobals) = postSolution
		SolutionGuid = {EA1BCFF3-6146-42CE-AEF6-4BF3D1E2C5FC}
	EndGlobalSection
EndGlobal
